
Microsoft Visual Studio Solution File, Format Version 12.00
# Visual Studio Version 17
VisualStudioVersion = 17.9.34701.34
MinimumVisualStudioVersion = 10.0.40219.1
Project("{FAE04EC0-301F-11D3-BF4B-00C04F79EFBC}") = "ShiftTracker", "ShiftTracker\ShiftTracker.csproj", "{71D32D49-E2A2-467E-A905-82074089DFDF}"
EndProject
Project("{2150E333-8FDC-42A3-9474-1A3956D46DE8}") = "SQL-command-folder", "SQL-command-folder", "{31FB76E1-3983-4A1C-9FB9-CA3A88788D12}"
	ProjectSection(SolutionItems) = preProject
		..\..\..\Desktop\query.sql = ..\..\..\Desktop\query.sql
	EndProjectSection
EndProject
Global
	GlobalSection(SolutionConfigurationPlatforms) = preSolution
		Debug|Any CPU = Debug|Any CPU
		Release|Any CPU = Release|Any CPU
	EndGlobalSection
	GlobalSection(ProjectConfigurationPlatforms) = postSolution
		{71D32D49-E2A2-467E-A905-82074089DFDF}.Debug|Any CPU.ActiveCfg = Debug|Any CPU
		{71D32D49-E2A2-467E-A905-82074089DFDF}.Debug|Any CPU.Build.0 = Debug|Any CPU
		{71D32D49-E2A2-467E-A905-82074089DFDF}.Release|Any CPU.ActiveCfg = Release|Any CPU
		{71D32D49-E2A2-467E-A905-82074089DFDF}.Release|Any CPU.Build.0 = Release|Any CPU
	EndGlobalSection
	GlobalSection(SolutionProperties) = preSolution
		HideSolutionNode = FALSE
	EndGlobalSection
	GlobalSection(ExtensibilityGlobals) = postSolution
		SolutionGuid = {EC14DE3B-E144-40CA-9DE0-19286695DF66}
	EndGlobalSection
EndGlobal
